
Microsoft Visual Studio Solution File, Format Version 12.00
# Visual Studio Version 17
VisualStudioVersion = 17.4.33213.308
MinimumVisualStudioVersion = 10.0.40219.1
Project("{FAE04EC0-301F-11D3-BF4B-00C04F79EFBC}") = "H0ll0w", "H0ll0w\H0ll0w.csproj", "{FDCD7036-7C4E-476D-87AD-D5799B3A1F3E}"
EndProject
Global
	GlobalSection(SolutionConfigurationPlatforms) = preSolution
		Debug|Any CPU = Debug|Any CPU
		Debug|x64 = Debug|x64
		Release|Any CPU = Release|Any CPU
		Release|x64 = Release|x64
	EndGlobalSection
	GlobalSection(ProjectConfigurationPlatforms) = postSolution
		{FDCD7036-7C4E-476D-87AD-D5799B3A1F3E}.Debug|Any CPU.ActiveCfg = Debug|Any CPU
		{FDCD7036-7C4E-476D-87AD-D5799B3A1F3E}.Debug|Any CPU.Build.0 = Debug|Any CPU
		{FDCD7036-7C4E-476D-87AD-D5799B3A1F3E}.Debug|x64.ActiveCfg = Debug|x64
		{FDCD7036-7C4E-476D-87AD-D5799B3A1F3E}.Debug|x64.Build.0 = Debug|x64
		{FDCD7036-7C4E-476D-87AD-D5799B3A1F3E}.Release|Any CPU.ActiveCfg = Release|Any CPU
		{FDCD7036-7C4E-476D-87AD-D5799B3A1F3E}.Release|Any CPU.Build.0 = Release|Any CPU
		{FDCD7036-7C4E-476D-87AD-D5799B3A1F3E}.Release|x64.ActiveCfg = Release|x64
		{FDCD7036-7C4E-476D-87AD-D5799B3A1F3E}.Release|x64.Build.0 = Release|x64
	EndGlobalSection
	GlobalSection(SolutionProperties) = preSolution
		HideSolutionNode = FALSE
	EndGlobalSection
	GlobalSection(ExtensibilityGlobals) = postSolution
		SolutionGuid = {D2BBB07D-E000-4176-BF97-0F986D12E208}
	EndGlobalSection
EndGlobal
